
Microsoft Visual Studio Solution File, Format Version 12.00
# Visual Studio Version 17
VisualStudioVersion = 17.4.33122.133
MinimumVisualStudioVersion = 10.0.40219.1
Project("{9A19103F-16F7-4668-BE54-9A1E7A4F7556}") = "TestSS2", "TestSS2\TestSS2.csproj", "{9DA578B7-8555-46AD-83E3-DF98B1E16133}"
EndProject
Project("{9A19103F-16F7-4668-BE54-9A1E7A4F7556}") = "P01_Class", "P01_Class\P01_Class.csproj", "{724D1188-724D-469E-8350-64085403A4FF}"
EndProject
Project("{9A19103F-16F7-4668-BE54-9A1E7A4F7556}") = "P03_Encapsulate", "PO3-Encapsulate\P03_Encapsulate.csproj", "{09AEF722-46F8-4465-93C6-62AE9CC1F652}"
EndProject
Project("{9A19103F-16F7-4668-BE54-9A1E7A4F7556}") = "P03_01_TestInternal", "P03_01_TestInternal\P03_01_TestInternal.csproj", "{0C834CEA-0FAB-43E8-892D-E5EEC1B1996F}"
EndProject
Project("{9A19103F-16F7-4668-BE54-9A1E7A4F7556}") = "Exercise02_P55T3", "Exercise02_P55T3\Exercise02_P55T3.csproj", "{5B504BB8-7786-4D52-BEF5-4D956640BD14}"
EndProject
Project("{FAE04EC0-301F-11D3-BF4B-00C04F79EFBC}") = "P04-Polimorphism", "P04-Polimorphism\P04-Polimorphism.csproj", "{D88D394D-FD2C-4D1D-83CB-4E3C6D27542A}"
EndProject
Global
	GlobalSection(SolutionConfigurationPlatforms) = preSolution
		Debug|Any CPU = Debug|Any CPU
		Release|Any CPU = Release|Any CPU
	EndGlobalSection
	GlobalSection(ProjectConfigurationPlatforms) = postSolution
		{9DA578B7-8555-46AD-83E3-DF98B1E16133}.Debug|Any CPU.ActiveCfg = Debug|Any CPU
		{9DA578B7-8555-46AD-83E3-DF98B1E16133}.Debug|Any CPU.Build.0 = Debug|Any CPU
		{9DA578B7-8555-46AD-83E3-DF98B1E16133}.Release|Any CPU.ActiveCfg = Release|Any CPU
		{9DA578B7-8555-46AD-83E3-DF98B1E16133}.Release|Any CPU.Build.0 = Release|Any CPU
		{724D1188-724D-469E-8350-64085403A4FF}.Debug|Any CPU.ActiveCfg = Debug|Any CPU
		{724D1188-724D-469E-8350-64085403A4FF}.Debug|Any CPU.Build.0 = Debug|Any CPU
		{724D1188-724D-469E-8350-64085403A4FF}.Release|Any CPU.ActiveCfg = Release|Any CPU
		{724D1188-724D-469E-8350-64085403A4FF}.Release|Any CPU.Build.0 = Release|Any CPU
		{09AEF722-46F8-4465-93C6-62AE9CC1F652}.Debug|Any CPU.ActiveCfg = Debug|Any CPU
		{09AEF722-46F8-4465-93C6-62AE9CC1F652}.Debug|Any CPU.Build.0 = Debug|Any CPU
		{09AEF722-46F8-4465-93C6-62AE9CC1F652}.Release|Any CPU.ActiveCfg = Release|Any CPU
		{09AEF722-46F8-4465-93C6-62AE9CC1F652}.Release|Any CPU.Build.0 = Release|Any CPU
		{0C834CEA-0FAB-43E8-892D-E5EEC1B1996F}.Debug|Any CPU.ActiveCfg = Debug|Any CPU
		{0C834CEA-0FAB-43E8-892D-E5EEC1B1996F}.Debug|Any CPU.Build.0 = Debug|Any CPU
		{0C834CEA-0FAB-43E8-892D-E5EEC1B1996F}.Release|Any CPU.ActiveCfg = Release|Any CPU
		{0C834CEA-0FAB-43E8-892D-E5EEC1B1996F}.Release|Any CPU.Build.0 = Release|Any CPU
		{5B504BB8-7786-4D52-BEF5-4D956640BD14}.Debug|Any CPU.ActiveCfg = Debug|Any CPU
		{5B504BB8-7786-4D52-BEF5-4D956640BD14}.Debug|Any CPU.Build.0 = Debug|Any CPU
		{5B504BB8-7786-4D52-BEF5-4D956640BD14}.Release|Any CPU.ActiveCfg = Release|Any CPU
		{5B504BB8-7786-4D52-BEF5-4D956640BD14}.Release|Any CPU.Build.0 = Release|Any CPU
		{D88D394D-FD2C-4D1D-83CB-4E3C6D27542A}.Debug|Any CPU.ActiveCfg = Debug|Any CPU
		{D88D394D-FD2C-4D1D-83CB-4E3C6D27542A}.Debug|Any CPU.Build.0 = Debug|Any CPU
		{D88D394D-FD2C-4D1D-83CB-4E3C6D27542A}.Release|Any CPU.ActiveCfg = Release|Any CPU
		{D88D394D-FD2C-4D1D-83CB-4E3C6D27542A}.Release|Any CPU.Build.0 = Release|Any CPU
	EndGlobalSection
	GlobalSection(SolutionProperties) = preSolution
		HideSolutionNode = FALSE
	EndGlobalSection
	GlobalSection(ExtensibilityGlobals) = postSolution
		SolutionGuid = {C8C85242-F4D6-4996-8BC6-2F1F91346F02}
	EndGlobalSection
EndGlobal
